<?xml version="1.0" encoding="utf-8"?>
<Project ToolsVersion="4.0" xmlns="http://schemas.microsoft.com/developer/msbuild/2003">
  <ItemGroup>
    <ClCompile Include="PlecoBilateralPass.cpp" />
  </ItemGroup>
  <ItemGroup>
    <ClInclude Include="PlecoBilateralPass.h" />
  </ItemGroup>
  <ItemGroup>
    <ShaderSource Include="Bilateral.cs.slang" />
  </ItemGroup>
</Project>